
Microsoft Visual Studio Solution File, Format Version 12.00
# Visual Studio Version 16
VisualStudioVersion = 16.0.32106.194
MinimumVisualStudioVersion = 10.0.40219.1
Project("{9A19103F-16F7-4668-BE54-9A1E7A4F7556}") = "Game", "Game\Game.csproj", "{0DFFAB5A-D02C-4B5E-AB68-15425D7C64A0}"
EndProject
Project("{FAE04EC0-301F-11D3-BF4B-00C04F79EFBC}") = "GrandTrainRobbery.Data", "GrandTrainRobbery.Data\GrandTrainRobbery.Data.csproj", "{20A62C83-E296-47A4-8CAA-C07E2EFE2F00}"
EndProject
Project("{FAE04EC0-301F-11D3-BF4B-00C04F79EFBC}") = "GrandTrainRobbery.Models", "GrandTrainRobbery.Models\GrandTrainRobbery.Models.csproj", "{F9376BA3-8944-4165-88E3-AED6D4EE3B0B}"
EndProject
Project("{FAE04EC0-301F-11D3-BF4B-00C04F79EFBC}") = "GrandTrainRobbery.Physics", "GrandTrainRobbery.Physics\GrandTrainRobbery.Physics.csproj", "{80EED018-E0A8-41E5-AFD1-01DC0F3ED00A}"
EndProject
Project("{FAE04EC0-301F-11D3-BF4B-00C04F79EFBC}") = "GrandTrainRobbery.Logic", "GrandTrainRobbery.Logic\GrandTrainRobbery.Logic.csproj", "{87440E96-3D67-49E2-8E62-6DB3999F9854}"
EndProject
Global
	GlobalSection(SolutionConfigurationPlatforms) = preSolution
		Debug|Any CPU = Debug|Any CPU
		Release|Any CPU = Release|Any CPU
	EndGlobalSection
	GlobalSection(ProjectConfigurationPlatforms) = postSolution
		{0DFFAB5A-D02C-4B5E-AB68-15425D7C64A0}.Debug|Any CPU.ActiveCfg = Debug|Any CPU
		{0DFFAB5A-D02C-4B5E-AB68-15425D7C64A0}.Debug|Any CPU.Build.0 = Debug|Any CPU
		{0DFFAB5A-D02C-4B5E-AB68-15425D7C64A0}.Release|Any CPU.ActiveCfg = Release|Any CPU
		{0DFFAB5A-D02C-4B5E-AB68-15425D7C64A0}.Release|Any CPU.Build.0 = Release|Any CPU
		{20A62C83-E296-47A4-8CAA-C07E2EFE2F00}.Debug|Any CPU.ActiveCfg = Debug|Any CPU
		{20A62C83-E296-47A4-8CAA-C07E2EFE2F00}.Debug|Any CPU.Build.0 = Debug|Any CPU
		{20A62C83-E296-47A4-8CAA-C07E2EFE2F00}.Release|Any CPU.ActiveCfg = Release|Any CPU
		{20A62C83-E296-47A4-8CAA-C07E2EFE2F00}.Release|Any CPU.Build.0 = Release|Any CPU
		{F9376BA3-8944-4165-88E3-AED6D4EE3B0B}.Debug|Any CPU.ActiveCfg = Debug|Any CPU
		{F9376BA3-8944-4165-88E3-AED6D4EE3B0B}.Debug|Any CPU.Build.0 = Debug|Any CPU
		{F9376BA3-8944-4165-88E3-AED6D4EE3B0B}.Release|Any CPU.ActiveCfg = Release|Any CPU
		{F9376BA3-8944-4165-88E3-AED6D4EE3B0B}.Release|Any CPU.Build.0 = Release|Any CPU
		{80EED018-E0A8-41E5-AFD1-01DC0F3ED00A}.Debug|Any CPU.ActiveCfg = Debug|Any CPU
		{80EED018-E0A8-41E5-AFD1-01DC0F3ED00A}.Debug|Any CPU.Build.0 = Debug|Any CPU
		{80EED018-E0A8-41E5-AFD1-01DC0F3ED00A}.Release|Any CPU.ActiveCfg = Release|Any CPU
		{80EED018-E0A8-41E5-AFD1-01DC0F3ED00A}.Release|Any CPU.Build.0 = Release|Any CPU
		{87440E96-3D67-49E2-8E62-6DB3999F9854}.Debug|Any CPU.ActiveCfg = Debug|Any CPU
		{87440E96-3D67-49E2-8E62-6DB3999F9854}.Debug|Any CPU.Build.0 = Debug|Any CPU
		{87440E96-3D67-49E2-8E62-6DB3999F9854}.Release|Any CPU.ActiveCfg = Release|Any CPU
		{87440E96-3D67-49E2-8E62-6DB3999F9854}.Release|Any CPU.Build.0 = Release|Any CPU
	EndGlobalSection
	GlobalSection(SolutionProperties) = preSolution
		HideSolutionNode = FALSE
	EndGlobalSection
	GlobalSection(ExtensibilityGlobals) = postSolution
		SolutionGuid = {587E262A-6922-4E14-B0A7-9BF43433E894}
	EndGlobalSection
EndGlobal
